
Microsoft Visual Studio Solution File, Format Version 12.00
# Visual Studio 15
VisualStudioVersion = 15.0.26020.0
MinimumVisualStudioVersion = 10.0.40219.1
Project("{FAE04EC0-301F-11D3-BF4B-00C04F79EFBC}") = "SearchRecommendSite", "SearchRecommendSite\SearchRecommendSite.csproj", "{F90BB4FA-E866-498A-B2BA-927D73703FE5}"
EndProject
Project("{2150E333-8FDC-42A3-9474-1A3956D46DE8}") = "Solution Items", "Solution Items", "{134699FF-A6C6-4339-82F7-233A1D6FF7B9}"
	ProjectSection(SolutionItems) = preProject
		docker-compose.ci.build.yml = docker-compose.ci.build.yml
	EndProjectSection
EndProject
Global
	GlobalSection(SolutionConfigurationPlatforms) = preSolution
		Debug|Any CPU = Debug|Any CPU
		Debug|x64 = Debug|x64
		Debug|x86 = Debug|x86
		Release|Any CPU = Release|Any CPU
		Release|x64 = Release|x64
		Release|x86 = Release|x86
	EndGlobalSection
	GlobalSection(ProjectConfigurationPlatforms) = postSolution
		{F90BB4FA-E866-498A-B2BA-927D73703FE5}.Debug|Any CPU.ActiveCfg = Debug|Any CPU
		{F90BB4FA-E866-498A-B2BA-927D73703FE5}.Debug|Any CPU.Build.0 = Debug|Any CPU
		{F90BB4FA-E866-498A-B2BA-927D73703FE5}.Debug|x64.ActiveCfg = Debug|x64
		{F90BB4FA-E866-498A-B2BA-927D73703FE5}.Debug|x64.Build.0 = Debug|x64
		{F90BB4FA-E866-498A-B2BA-927D73703FE5}.Debug|x86.ActiveCfg = Debug|x86
		{F90BB4FA-E866-498A-B2BA-927D73703FE5}.Debug|x86.Build.0 = Debug|x86
		{F90BB4FA-E866-498A-B2BA-927D73703FE5}.Release|Any CPU.ActiveCfg = Release|Any CPU
		{F90BB4FA-E866-498A-B2BA-927D73703FE5}.Release|Any CPU.Build.0 = Release|Any CPU
		{F90BB4FA-E866-498A-B2BA-927D73703FE5}.Release|x64.ActiveCfg = Release|x64
		{F90BB4FA-E866-498A-B2BA-927D73703FE5}.Release|x64.Build.0 = Release|x64
		{F90BB4FA-E866-498A-B2BA-927D73703FE5}.Release|x86.ActiveCfg = Release|x86
		{F90BB4FA-E866-498A-B2BA-927D73703FE5}.Release|x86.Build.0 = Release|x86
	EndGlobalSection
	GlobalSection(SolutionProperties) = preSolution
		HideSolutionNode = FALSE
	EndGlobalSection
EndGlobal
